
Microsoft Visual Studio Solution File, Format Version 12.00
# Visual Studio Version 17
VisualStudioVersion = 17.6.33712.159
MinimumVisualStudioVersion = 10.0.40219.1
Project("{8BC9CEB8-8B4A-11D0-8D11-00A0C91BC942}") = "Template_classes", "Template_classes\Template_classes.vcxproj", "{97FBB358-83C6-408A-BDBB-E25461BC9127}"
EndProject
Global
	GlobalSection(SolutionConfigurationPlatforms) = preSolution
		Debug|x64 = Debug|x64
		Debug|x86 = Debug|x86
		Release|x64 = Release|x64
		Release|x86 = Release|x86
	EndGlobalSection
	GlobalSection(ProjectConfigurationPlatforms) = postSolution
		{97FBB358-83C6-408A-BDBB-E25461BC9127}.Debug|x64.ActiveCfg = Debug|x64
		{97FBB358-83C6-408A-BDBB-E25461BC9127}.Debug|x64.Build.0 = Debug|x64
		{97FBB358-83C6-408A-BDBB-E25461BC9127}.Debug|x86.ActiveCfg = Debug|Win32
		{97FBB358-83C6-408A-BDBB-E25461BC9127}.Debug|x86.Build.0 = Debug|Win32
		{97FBB358-83C6-408A-BDBB-E25461BC9127}.Release|x64.ActiveCfg = Release|x64
		{97FBB358-83C6-408A-BDBB-E25461BC9127}.Release|x64.Build.0 = Release|x64
		{97FBB358-83C6-408A-BDBB-E25461BC9127}.Release|x86.ActiveCfg = Release|Win32
		{97FBB358-83C6-408A-BDBB-E25461BC9127}.Release|x86.Build.0 = Release|Win32
	EndGlobalSection
	GlobalSection(SolutionProperties) = preSolution
		HideSolutionNode = FALSE
	EndGlobalSection
	GlobalSection(ExtensibilityGlobals) = postSolution
		SolutionGuid = {B4AF7D3B-F957-4A52-92BC-31FC81DF1D39}
	EndGlobalSection
EndGlobal
